// !$*UTF8*$!
{
	archiveVersion = 1;
	classes = {
	};
	objectVersion = 50;
	objects = {

/* Begin PBXBuildFile section */
		2D83858224D459FB0010B488 /* VisualEffectBlur.swift in Sources */ = {isa = PBXBuildFile; fileRef = 2D83858124D459FB0010B488 /* VisualEffectBlur.swift */; };
		2D83858424D45A080010B488 /* VisualEffectBlur.swift in Sources */ = {isa = PBXBuildFile; fileRef = 2D83858324D45A080010B488 /* VisualEffectBlur.swift */; };
		2D83858624D465FF0010B488 /* TabBar.swift in Sources */ = {isa = PBXBuildFile; fileRef = 2D83858524D465FF0010B488 /* TabBar.swift */; };
		2DB9D46224D378D300F0F979 /* CourseList.swift in Sources */ = {isa = PBXBuildFile; fileRef = 2DB9D46124D378D300F0F979 /* CourseList.swift */; };
		2DB9D46324D378D300F0F979 /* CourseList.swift in Sources */ = {isa = PBXBuildFile; fileRef = 2DB9D46124D378D300F0F979 /* CourseList.swift */; };
		2DB9D46524D3893900F0F979 /* Course.swift in Sources */ = {isa = PBXBuildFile; fileRef = 2DB9D46424D3893900F0F979 /* Course.swift */; };
		2DB9D46624D3893900F0F979 /* Course.swift in Sources */ = {isa = PBXBuildFile; fileRef = 2DB9D46424D3893900F0F979 /* Course.swift */; };
		2DB9D46924D3946300F0F979 /* CloseButton.swift in Sources */ = {isa = PBXBuildFile; fileRef = 2DB9D46824D3946300F0F979 /* CloseButton.swift */; };
		2DB9D46A24D3946300F0F979 /* CloseButton.swift in Sources */ = {isa = PBXBuildFile; fileRef = 2DB9D46824D3946300F0F979 /* CloseButton.swift */; };
		2DB9D46C24D3998500F0F979 /* CourseDetail.swift in Sources */ = {isa = PBXBuildFile; fileRef = 2DB9D46B24D3998500F0F979 /* CourseDetail.swift */; };
		2DB9D46D24D3998500F0F979 /* CourseDetail.swift in Sources */ = {isa = PBXBuildFile; fileRef = 2DB9D46B24D3998500F0F979 /* CourseDetail.swift */; };
		2DB9D47524D39B0A00F0F979 /* Livestream.swift in Sources */ = {isa = PBXBuildFile; fileRef = 2DB9D46E24D39B0900F0F979 /* Livestream.swift */; };
		2DB9D47624D39B0A00F0F979 /* Livestream.swift in Sources */ = {isa = PBXBuildFile; fileRef = 2DB9D46E24D39B0900F0F979 /* Livestream.swift */; };
		2DB9D47724D39B0A00F0F979 /* Tutorial.swift in Sources */ = {isa = PBXBuildFile; fileRef = 2DB9D46F24D39B0900F0F979 /* Tutorial.swift */; };
		2DB9D47824D39B0A00F0F979 /* Tutorial.swift in Sources */ = {isa = PBXBuildFile; fileRef = 2DB9D46F24D39B0900F0F979 /* Tutorial.swift */; };
		2DB9D47924D39B0A00F0F979 /* GradientModel.swift in Sources */ = {isa = PBXBuildFile; fileRef = 2DB9D47024D39B0900F0F979 /* GradientModel.swift */; };
		2DB9D47A24D39B0A00F0F979 /* GradientModel.swift in Sources */ = {isa = PBXBuildFile; fileRef = 2DB9D47024D39B0900F0F979 /* GradientModel.swift */; };
		2DB9D47B24D39B0A00F0F979 /* LivestreamSection.swift in Sources */ = {isa = PBXBuildFile; fileRef = 2DB9D47124D39B0900F0F979 /* LivestreamSection.swift */; };
		2DB9D47C24D39B0A00F0F979 /* LivestreamSection.swift in Sources */ = {isa = PBXBuildFile; fileRef = 2DB9D47124D39B0900F0F979 /* LivestreamSection.swift */; };
		2DB9D47D24D39B0A00F0F979 /* Download.swift in Sources */ = {isa = PBXBuildFile; fileRef = 2DB9D47224D39B0A00F0F979 /* Download.swift */; };
		2DB9D47E24D39B0A00F0F979 /* Download.swift in Sources */ = {isa = PBXBuildFile; fileRef = 2DB9D47224D39B0A00F0F979 /* Download.swift */; };
		2DB9D47F24D39B0A00F0F979 /* CourseSection.swift in Sources */ = {isa = PBXBuildFile; fileRef = 2DB9D47324D39B0A00F0F979 /* CourseSection.swift */; };
		2DB9D48024D39B0A00F0F979 /* CourseSection.swift in Sources */ = {isa = PBXBuildFile; fileRef = 2DB9D47324D39B0A00F0F979 /* CourseSection.swift */; };
		2DB9D48124D39B0A00F0F979 /* TutorialSection.swift in Sources */ = {isa = PBXBuildFile; fileRef = 2DB9D47424D39B0A00F0F979 /* TutorialSection.swift */; };
		2DB9D48224D39B0A00F0F979 /* TutorialSection.swift in Sources */ = {isa = PBXBuildFile; fileRef = 2DB9D47424D39B0A00F0F979 /* TutorialSection.swift */; };
		2DE070A224D34A0B009D3402 /* CoursesView.swift in Sources */ = {isa = PBXBuildFile; fileRef = 2DE070A124D34A0B009D3402 /* CoursesView.swift */; };
		2DE070A324D34A0B009D3402 /* CoursesView.swift in Sources */ = {isa = PBXBuildFile; fileRef = 2DE070A124D34A0B009D3402 /* CoursesView.swift */; };
		2DE070A524D34C46009D3402 /* Sidebar.swift in Sources */ = {isa = PBXBuildFile; fileRef = 2DE070A424D34C46009D3402 /* Sidebar.swift */; };
		2DE070A624D34C46009D3402 /* Sidebar.swift in Sources */ = {isa = PBXBuildFile; fileRef = 2DE070A424D34C46009D3402 /* Sidebar.swift */; };
		2DE070A824D35FAE009D3402 /* CourseItem.swift in Sources */ = {isa = PBXBuildFile; fileRef = 2DE070A724D35FAE009D3402 /* CourseItem.swift */; };
		2DE070A924D35FAE009D3402 /* CourseItem.swift in Sources */ = {isa = PBXBuildFile; fileRef = 2DE070A724D35FAE009D3402 /* CourseItem.swift */; };
		2DE35A1624D3163F005841B5 /* DesignCourseAppApp.swift in Sources */ = {isa = PBXBuildFile; fileRef = 2DE35A0324D3163D005841B5 /* DesignCourseAppApp.swift */; };
		2DE35A1724D3163F005841B5 /* DesignCourseAppApp.swift in Sources */ = {isa = PBXBuildFile; fileRef = 2DE35A0324D3163D005841B5 /* DesignCourseAppApp.swift */; };
		2DE35A1824D3163F005841B5 /* ContentView.swift in Sources */ = {isa = PBXBuildFile; fileRef = 2DE35A0424D3163D005841B5 /* ContentView.swift */; };
		2DE35A1924D3163F005841B5 /* ContentView.swift in Sources */ = {isa = PBXBuildFile; fileRef = 2DE35A0424D3163D005841B5 /* ContentView.swift */; };
		2DE35A1A24D3163F005841B5 /* Assets.xcassets in Resources */ = {isa = PBXBuildFile; fileRef = 2DE35A0524D3163F005841B5 /* Assets.xcassets */; };
		2DE35A1B24D3163F005841B5 /* Assets.xcassets in Resources */ = {isa = PBXBuildFile; fileRef = 2DE35A0524D3163F005841B5 /* Assets.xcassets */; };
		2DE35A2524D32C68005841B5 /* CourseRow.swift in Sources */ = {isa = PBXBuildFile; fileRef = 2DE35A2424D32C68005841B5 /* CourseRow.swift */; };
		2DE35A2624D32C68005841B5 /* CourseRow.swift in Sources */ = {isa = PBXBuildFile; fileRef = 2DE35A2424D32C68005841B5 /* CourseRow.swift */; };
/* End PBXBuildFile section */

/* Begin PBXFileReference section */
		2D83858124D459FB0010B488 /* VisualEffectBlur.swift */ = {isa = PBXFileReference; fileEncoding = 4; lastKnownFileType = sourcecode.swift; path = VisualEffectBlur.swift; sourceTree = "<group>"; };
		2D83858324D45A080010B488 /* VisualEffectBlur.swift */ = {isa = PBXFileReference; fileEncoding = 4; lastKnownFileType = sourcecode.swift; path = VisualEffectBlur.swift; sourceTree = "<group>"; };
		2D83858524D465FF0010B488 /* TabBar.swift */ = {isa = PBXFileReference; lastKnownFileType = sourcecode.swift; path = TabBar.swift; sourceTree = "<group>"; };
		2DB9D46124D378D300F0F979 /* CourseList.swift */ = {isa = PBXFileReference; lastKnownFileType = sourcecode.swift; path = CourseList.swift; sourceTree = "<group>"; };
		2DB9D46424D3893900F0F979 /* Course.swift */ = {isa = PBXFileReference; lastKnownFileType = sourcecode.swift; path = Course.swift; sourceTree = "<group>"; };
		2DB9D46824D3946300F0F979 /* CloseButton.swift */ = {isa = PBXFileReference; lastKnownFileType = sourcecode.swift; path = CloseButton.swift; sourceTree = "<group>"; };
		2DB9D46B24D3998500F0F979 /* CourseDetail.swift */ = {isa = PBXFileReference; lastKnownFileType = sourcecode.swift; path = CourseDetail.swift; sourceTree = "<group>"; };
		2DB9D46E24D39B0900F0F979 /* Livestream.swift */ = {isa = PBXFileReference; fileEncoding = 4; lastKnownFileType = sourcecode.swift; path = Livestream.swift; sourceTree = "<group>"; };
		2DB9D46F24D39B0900F0F979 /* Tutorial.swift */ = {isa = PBXFileReference; fileEncoding = 4; lastKnownFileType = sourcecode.swift; path = Tutorial.swift; sourceTree = "<group>"; };
		2DB9D47024D39B0900F0F979 /* GradientModel.swift */ = {isa = PBXFileReference; fileEncoding = 4; lastKnownFileType = sourcecode.swift; path = GradientModel.swift; sourceTree = "<group>"; };
		2DB9D47124D39B0900F0F979 /* LivestreamSection.swift */ = {isa = PBXFileReference; fileEncoding = 4; lastKnownFileType = sourcecode.swift; path = LivestreamSection.swift; sourceTree = "<group>"; };
		2DB9D47224D39B0A00F0F979 /* Download.swift */ = {isa = PBXFileReference; fileEncoding = 4; lastKnownFileType = sourcecode.swift; path = Download.swift; sourceTree = "<group>"; };
		2DB9D47324D39B0A00F0F979 /* CourseSection.swift */ = {isa = PBXFileReference; fileEncoding = 4; lastKnownFileType = sourcecode.swift; path = CourseSection.swift; sourceTree = "<group>"; };
		2DB9D47424D39B0A00F0F979 /* TutorialSection.swift */ = {isa = PBXFileReference; fileEncoding = 4; lastKnownFileType = sourcecode.swift; path = TutorialSection.swift; sourceTree = "<group>"; };
		2DE070A124D34A0B009D3402 /* CoursesView.swift */ = {isa = PBXFileReference; lastKnownFileType = sourcecode.swift; path = CoursesView.swift; sourceTree = "<group>"; };
		2DE070A424D34C46009D3402 /* Sidebar.swift */ = {isa = PBXFileReference; lastKnownFileType = sourcecode.swift; path = Sidebar.swift; sourceTree = "<group>"; };
		2DE070A724D35FAE009D3402 /* CourseItem.swift */ = {isa = PBXFileReference; lastKnownFileType = sourcecode.swift; path = CourseItem.swift; sourceTree = "<group>"; };
		2DE35A0324D3163D005841B5 /* DesignCourseAppApp.swift */ = {isa = PBXFileReference; lastKnownFileType = sourcecode.swift; path = DesignCourseAppApp.swift; sourceTree = "<group>"; };
		2DE35A0424D3163D005841B5 /* ContentView.swift */ = {isa = PBXFileReference; lastKnownFileType = sourcecode.swift; path = ContentView.swift; sourceTree = "<group>"; };
		2DE35A0524D3163F005841B5 /* Assets.xcassets */ = {isa = PBXFileReference; lastKnownFileType = folder.assetcatalog; path = Assets.xcassets; sourceTree = "<group>"; };
		2DE35A0A24D3163F005841B5 /* DesignCourseApp.app */ = {isa = PBXFileReference; explicitFileType = wrapper.application; includeInIndex = 0; path = DesignCourseApp.app; sourceTree = BUILT_PRODUCTS_DIR; };
		2DE35A0D24D3163F005841B5 /* Info.plist */ = {isa = PBXFileReference; lastKnownFileType = text.plist.xml; path = Info.plist; sourceTree = "<group>"; };
		2DE35A1224D3163F005841B5 /* DesignCourseApp.app */ = {isa = PBXFileReference; explicitFileType = wrapper.application; includeInIndex = 0; path = DesignCourseApp.app; sourceTree = BUILT_PRODUCTS_DIR; };
		2DE35A1424D3163F005841B5 /* Info.plist */ = {isa = PBXFileReference; lastKnownFileType = text.plist.xml; path = Info.plist; sourceTree = "<group>"; };
		2DE35A1524D3163F005841B5 /* macOS.entitlements */ = {isa = PBXFileReference; lastKnownFileType = text.plist.entitlements; path = macOS.entitlements; sourceTree = "<group>"; };
		2DE35A2424D32C68005841B5 /* CourseRow.swift */ = {isa = PBXFileReference; lastKnownFileType = sourcecode.swift; path = CourseRow.swift; sourceTree = "<group>"; };
/* End PBXFileReference section */

/* Begin PBXFrameworksBuildPhase section */
		2DE35A0724D3163F005841B5 /* Frameworks */ = {
			isa = PBXFrameworksBuildPhase;
			buildActionMask = 2147483647;
			files = (
			);
			runOnlyForDeploymentPostprocessing = 0;
		};
		2DE35A0F24D3163F005841B5 /* Frameworks */ = {
			isa = PBXFrameworksBuildPhase;
			buildActionMask = 2147483647;
			files = (
			);
			runOnlyForDeploymentPostprocessing = 0;
		};
/* End PBXFrameworksBuildPhase section */

/* Begin PBXGroup section */
		2DB9D45F24D3775000F0F979 /* Navigation */ = {
			isa = PBXGroup;
			children = (
				2DE070A424D34C46009D3402 /* Sidebar.swift */,
				2DE35A0424D3163D005841B5 /* ContentView.swift */,
				2D83858524D465FF0010B488 /* TabBar.swift */,
			);
			path = Navigation;
			sourceTree = "<group>";
		};
		2DB9D46024D3776300F0F979 /* Items */ = {
			isa = PBXGroup;
			children = (
				2DE070A724D35FAE009D3402 /* CourseItem.swift */,
				2DE35A2424D32C68005841B5 /* CourseRow.swift */,
			);
			path = Items;
			sourceTree = "<group>";
		};
		2DB9D46724D38BD800F0F979 /* Model */ = {
			isa = PBXGroup;
			children = (
				2DB9D46424D3893900F0F979 /* Course.swift */,
				2DB9D47324D39B0A00F0F979 /* CourseSection.swift */,
				2DB9D47224D39B0A00F0F979 /* Download.swift */,
				2DB9D47024D39B0900F0F979 /* GradientModel.swift */,
				2DB9D46E24D39B0900F0F979 /* Livestream.swift */,
				2DB9D47124D39B0900F0F979 /* LivestreamSection.swift */,
				2DB9D46F24D39B0900F0F979 /* Tutorial.swift */,
				2DB9D47424D39B0A00F0F979 /* TutorialSection.swift */,
			);
			path = Model;
			sourceTree = "<group>";
		};
		2DE359FD24D3163D005841B5 = {
			isa = PBXGroup;
			children = (
				2DE35A0224D3163D005841B5 /* Shared */,
				2DE35A0C24D3163F005841B5 /* iOS */,
				2DE35A1324D3163F005841B5 /* macOS */,
				2DE35A0B24D3163F005841B5 /* Products */,
			);
			sourceTree = "<group>";
		};
		2DE35A0224D3163D005841B5 /* Shared */ = {
			isa = PBXGroup;
			children = (
				2DE35A0324D3163D005841B5 /* DesignCourseAppApp.swift */,
				2DB9D45F24D3775000F0F979 /* Navigation */,
				2DB9D46724D38BD800F0F979 /* Model */,
				2DB9D46024D3776300F0F979 /* Items */,
				2DE070A124D34A0B009D3402 /* CoursesView.swift */,
				2DB9D46B24D3998500F0F979 /* CourseDetail.swift */,
				2DB9D46824D3946300F0F979 /* CloseButton.swift */,
				2DB9D46124D378D300F0F979 /* CourseList.swift */,
				2DE35A0524D3163F005841B5 /* Assets.xcassets */,
			);
			path = Shared;
			sourceTree = "<group>";
		};
		2DE35A0B24D3163F005841B5 /* Products */ = {
			isa = PBXGroup;
			children = (
				2DE35A0A24D3163F005841B5 /* DesignCourseApp.app */,
				2DE35A1224D3163F005841B5 /* DesignCourseApp.app */,
			);
			name = Products;
			sourceTree = "<group>";
		};
		2DE35A0C24D3163F005841B5 /* iOS */ = {
			isa = PBXGroup;
			children = (
				2DE35A0D24D3163F005841B5 /* Info.plist */,
				2D83858124D459FB0010B488 /* VisualEffectBlur.swift */,
			);
			path = iOS;
			sourceTree = "<group>";
		};
		2DE35A1324D3163F005841B5 /* macOS */ = {
			isa = PBXGroup;
			children = (
				2DE35A1424D3163F005841B5 /* Info.plist */,
				2D83858324D45A080010B488 /* VisualEffectBlur.swift */,
				2DE35A1524D3163F005841B5 /* macOS.entitlements */,
			);
			path = macOS;
			sourceTree = "<group>";
		};
/* End PBXGroup section */

/* Begin PBXNativeTarget section */
		2DE35A0924D3163F005841B5 /* DesignCourseApp (iOS) */ = {
			isa = PBXNativeTarget;
			buildConfigurationList = 2DE35A1E24D3163F005841B5 /* Build configuration list for PBXNativeTarget "DesignCourseApp (iOS)" */;
			buildPhases = (
				2DE35A0624D3163F005841B5 /* Sources */,
				2DE35A0724D3163F005841B5 /* Frameworks */,
				2DE35A0824D3163F005841B5 /* Resources */,
			);
			buildRules = (
			);
			dependencies = (
			);
			name = "DesignCourseApp (iOS)";
			productName = "DesignCourseApp (iOS)";
			productReference = 2DE35A0A24D3163F005841B5 /* DesignCourseApp.app */;
			productType = "com.apple.product-type.application";
		};
		2DE35A1124D3163F005841B5 /* DesignCourseApp (macOS) */ = {
			isa = PBXNativeTarget;
			buildConfigurationList = 2DE35A2124D3163F005841B5 /* Build configuration list for PBXNativeTarget "DesignCourseApp (macOS)" */;
			buildPhases = (
				2DE35A0E24D3163F005841B5 /* Sources */,
				2DE35A0F24D3163F005841B5 /* Frameworks */,
				2DE35A1024D3163F005841B5 /* Resources */,
			);
			buildRules = (
			);
			dependencies = (
			);
			name = "DesignCourseApp (macOS)";
			productName = "DesignCourseApp (macOS)";
			productReference = 2DE35A1224D3163F005841B5 /* DesignCourseApp.app */;
			productType = "com.apple.product-type.application";
		};
/* End PBXNativeTarget section */

/* Begin PBXProject section */
		2DE359FE24D3163D005841B5 /* Project object */ = {
			isa = PBXProject;
			attributes = {
				LastSwiftUpdateCheck = 1200;
				LastUpgradeCheck = 1200;
				TargetAttributes = {
					2DE35A0924D3163F005841B5 = {
						CreatedOnToolsVersion = 12.0;
					};
					2DE35A1124D3163F005841B5 = {
						CreatedOnToolsVersion = 12.0;
					};
				};
			};
			buildConfigurationList = 2DE35A0124D3163D005841B5 /* Build configuration list for PBXProject "DesignCourseApp" */;
			compatibilityVersion = "Xcode 9.3";
			developmentRegion = en;
			hasScannedForEncodings = 0;
			knownRegions = (
				en,
				Base,
			);
			mainGroup = 2DE359FD24D3163D005841B5;
			productRefGroup = 2DE35A0B24D3163F005841B5 /* Products */;
			projectDirPath = "";
			projectRoot = "";
			targets = (
				2DE35A0924D3163F005841B5 /* DesignCourseApp (iOS) */,
				2DE35A1124D3163F005841B5 /* DesignCourseApp (macOS) */,
			);
		};
/* End PBXProject section */

/* Begin PBXResourcesBuildPhase section */
		2DE35A0824D3163F005841B5 /* Resources */ = {
			isa = PBXResourcesBuildPhase;
			buildActionMask = 2147483647;
			files = (
				2DE35A1A24D3163F005841B5 /* Assets.xcassets in Resources */,
			);
			runOnlyForDeploymentPostprocessing = 0;
		};
		2DE35A1024D3163F005841B5 /* Resources */ = {
			isa = PBXResourcesBuildPhase;
			buildActionMask = 2147483647;
			files = (
				2DE35A1B24D3163F005841B5 /* Assets.xcassets in Resources */,
			);
			runOnlyForDeploymentPostprocessing = 0;
		};
/* End PBXResourcesBuildPhase section */

/* Begin PBXSourcesBuildPhase section */
		2DE35A0624D3163F005841B5 /* Sources */ = {
			isa = PBXSourcesBuildPhase;
			buildActionMask = 2147483647;
			files = (
				2DB9D46524D3893900F0F979 /* Course.swift in Sources */,
				2DB9D47724D39B0A00F0F979 /* Tutorial.swift in Sources */,
				2D83858624D465FF0010B488 /* TabBar.swift in Sources */,
				2DE070A524D34C46009D3402 /* Sidebar.swift in Sources */,
				2DE070A824D35FAE009D3402 /* CourseItem.swift in Sources */,
				2DB9D47F24D39B0A00F0F979 /* CourseSection.swift in Sources */,
				2DB9D46C24D3998500F0F979 /* CourseDetail.swift in Sources */,
				2DB9D46924D3946300F0F979 /* CloseButton.swift in Sources */,
				2DE35A1824D3163F005841B5 /* ContentView.swift in Sources */,
				2DB9D47524D39B0A00F0F979 /* Livestream.swift in Sources */,
				2DE35A2524D32C68005841B5 /* CourseRow.swift in Sources */,
				2DB9D47D24D39B0A00F0F979 /* Download.swift in Sources */,
				2DB9D47924D39B0A00F0F979 /* GradientModel.swift in Sources */,
				2DE35A1624D3163F005841B5 /* DesignCourseAppApp.swift in Sources */,
				2DB9D47B24D39B0A00F0F979 /* LivestreamSection.swift in Sources */,
				2DB9D48124D39B0A00F0F979 /* TutorialSection.swift in Sources */,
				2D83858224D459FB0010B488 /* VisualEffectBlur.swift in Sources */,
				2DE070A224D34A0B009D3402 /* CoursesView.swift in Sources */,
				2DB9D46224D378D300F0F979 /* CourseList.swift in Sources */,
			);
			runOnlyForDeploymentPostprocessing = 0;
		};
		2DE35A0E24D3163F005841B5 /* Sources */ = {
			isa = PBXSourcesBuildPhase;
			buildActionMask = 2147483647;
			files = (
				2DB9D46624D3893900F0F979 /* Course.swift in Sources */,
				2DB9D47824D39B0A00F0F979 /* Tutorial.swift in Sources */,
				2DE070A624D34C46009D3402 /* Sidebar.swift in Sources */,
				2DE070A924D35FAE009D3402 /* CourseItem.swift in Sources */,
				2DB9D48024D39B0A00F0F979 /* CourseSection.swift in Sources */,
				2DB9D46D24D3998500F0F979 /* CourseDetail.swift in Sources */,
				2DB9D46A24D3946300F0F979 /* CloseButton.swift in Sources */,
				2DE35A1924D3163F005841B5 /* ContentView.swift in Sources */,
				2DB9D47624D39B0A00F0F979 /* Livestream.swift in Sources */,
				2DE35A2624D32C68005841B5 /* CourseRow.swift in Sources */,
				2DB9D47E24D39B0A00F0F979 /* Download.swift in Sources */,
				2DB9D47A24D39B0A00F0F979 /* GradientModel.swift in Sources */,
				2DE35A1724D3163F005841B5 /* DesignCourseAppApp.swift in Sources */,
				2DB9D47C24D39B0A00F0F979 /* LivestreamSection.swift in Sources */,
				2DB9D48224D39B0A00F0F979 /* TutorialSection.swift in Sources */,
				2D83858424D45A080010B488 /* VisualEffectBlur.swift in Sources */,
				2DE070A324D34A0B009D3402 /* CoursesView.swift in Sources */,
				2DB9D46324D378D300F0F979 /* CourseList.swift in Sources */,
			);
			runOnlyForDeploymentPostprocessing = 0;
		};
/* End PBXSourcesBuildPhase section */

/* Begin XCBuildConfiguration section */
		2DE35A1C24D3163F005841B5 /* Debug */ = {
			isa = XCBuildConfiguration;
			buildSettings = {
				ALWAYS_SEARCH_USER_PATHS = NO;
				CLANG_ANALYZER_NONNULL = YES;
				CLANG_ANALYZER_NUMBER_OBJECT_CONVERSION = YES_AGGRESSIVE;
				CLANG_CXX_LANGUAGE_STANDARD = "gnu++14";
				CLANG_CXX_LIBRARY = "libc++";
				CLANG_ENABLE_MODULES = YES;
				CLANG_ENABLE_OBJC_ARC = YES;
				CLANG_ENABLE_OBJC_WEAK = YES;
				CLANG_WARN_BLOCK_CAPTURE_AUTORELEASING = YES;
				CLANG_WARN_BOOL_CONVERSION = YES;
				CLANG_WARN_COMMA = YES;
				CLANG_WARN_CONSTANT_CONVERSION = YES;
				CLANG_WARN_DEPRECATED_OBJC_IMPLEMENTATIONS = YES;
				CLANG_WARN_DIRECT_OBJC_ISA_USAGE = YES_ERROR;
				CLANG_WARN_DOCUMENTATION_COMMENTS = YES;
				CLANG_WARN_EMPTY_BODY = YES;
				CLANG_WARN_ENUM_CONVERSION = YES;
				CLANG_WARN_INFINITE_RECURSION = YES;
				CLANG_WARN_INT_CONVERSION = YES;
				CLANG_WARN_NON_LITERAL_NULL_CONVERSION = YES;
				CLANG_WARN_OBJC_IMPLICIT_RETAIN_SELF = YES;
				CLANG_WARN_OBJC_LITERAL_CONVERSION = YES;
				CLANG_WARN_OBJC_ROOT_CLASS = YES_ERROR;
				CLANG_WARN_QUOTED_INCLUDE_IN_FRAMEWORK_HEADER = YES;
				CLANG_WARN_RANGE_LOOP_ANALYSIS = YES;
				CLANG_WARN_STRICT_PROTOTYPES = YES;
				CLANG_WARN_SUSPICIOUS_MOVE = YES;
				CLANG_WARN_UNGUARDED_AVAILABILITY = YES_AGGRESSIVE;
				CLANG_WARN_UNREACHABLE_CODE = YES;
				CLANG_WARN__DUPLICATE_METHOD_MATCH = YES;
				COPY_PHASE_STRIP = NO;
				DEBUG_INFORMATION_FORMAT = dwarf;
				ENABLE_STRICT_OBJC_MSGSEND = YES;
				ENABLE_TESTABILITY = YES;
				GCC_C_LANGUAGE_STANDARD = gnu11;
				GCC_DYNAMIC_NO_PIC = NO;
				GCC_NO_COMMON_BLOCKS = YES;
				GCC_OPTIMIZATION_LEVEL = 0;
				GCC_PREPROCESSOR_DEFINITIONS = (
					"DEBUG=1",
					"$(inherited)",
				);
				GCC_WARN_64_TO_32_BIT_CONVERSION = YES;
				GCC_WARN_ABOUT_RETURN_TYPE = YES_ERROR;
				GCC_WARN_UNDECLARED_SELECTOR = YES;
				GCC_WARN_UNINITIALIZED_AUTOS = YES_AGGRESSIVE;
				GCC_WARN_UNUSED_FUNCTION = YES;
				GCC_WARN_UNUSED_VARIABLE = YES;
				MTL_ENABLE_DEBUG_INFO = INCLUDE_SOURCE;
				MTL_FAST_MATH = YES;
				ONLY_ACTIVE_ARCH = YES;
				SWIFT_ACTIVE_COMPILATION_CONDITIONS = DEBUG;
				SWIFT_OPTIMIZATION_LEVEL = "-Onone";
			};
			name = Debug;
		};
		2DE35A1D24D3163F005841B5 /* Release */ = {
			isa = XCBuildConfiguration;
			buildSettings = {
				ALWAYS_SEARCH_USER_PATHS = NO;
				CLANG_ANALYZER_NONNULL = YES;
				CLANG_ANALYZER_NUMBER_OBJECT_CONVERSION = YES_AGGRESSIVE;
				CLANG_CXX_LANGUAGE_STANDARD = "gnu++14";
				CLANG_CXX_LIBRARY = "libc++";
				CLANG_ENABLE_MODULES = YES;
				CLANG_ENABLE_OBJC_ARC = YES;
				CLANG_ENABLE_OBJC_WEAK = YES;
				CLANG_WARN_BLOCK_CAPTURE_AUTORELEASING = YES;
				CLANG_WARN_BOOL_CONVERSION = YES;
				CLANG_WARN_COMMA = YES;
				CLANG_WARN_CONSTANT_CONVERSION = YES;
				CLANG_WARN_DEPRECATED_OBJC_IMPLEMENTATIONS = YES;
				CLANG_WARN_DIRECT_OBJC_ISA_USAGE = YES_ERROR;
				CLANG_WARN_DOCUMENTATION_COMMENTS = YES;
				CLANG_WARN_EMPTY_BODY = YES;
				CLANG_WARN_ENUM_CONVERSION = YES;
				CLANG_WARN_INFINITE_RECURSION = YES;
				CLANG_WARN_INT_CONVERSION = YES;
				CLANG_WARN_NON_LITERAL_NULL_CONVERSION = YES;
				CLANG_WARN_OBJC_IMPLICIT_RETAIN_SELF = YES;
				CLANG_WARN_OBJC_LITERAL_CONVERSION = YES;
				CLANG_WARN_OBJC_ROOT_CLASS = YES_ERROR;
				CLANG_WARN_QUOTED_INCLUDE_IN_FRAMEWORK_HEADER = YES;
				CLANG_WARN_RANGE_LOOP_ANALYSIS = YES;
				CLANG_WARN_STRICT_PROTOTYPES = YES;
				CLANG_WARN_SUSPICIOUS_MOVE = YES;
				CLANG_WARN_UNGUARDED_AVAILABILITY = YES_AGGRESSIVE;
				CLANG_WARN_UNREACHABLE_CODE = YES;
				CLANG_WARN__DUPLICATE_METHOD_MATCH = YES;
				COPY_PHASE_STRIP = NO;
				DEBUG_INFORMATION_FORMAT = "dwarf-with-dsym";
				ENABLE_NS_ASSERTIONS = NO;
				ENABLE_STRICT_OBJC_MSGSEND = YES;
				GCC_C_LANGUAGE_STANDARD = gnu11;
				GCC_NO_COMMON_BLOCKS = YES;
				GCC_WARN_64_TO_32_BIT_CONVERSION = YES;
				GCC_WARN_ABOUT_RETURN_TYPE = YES_ERROR;
				GCC_WARN_UNDECLARED_SELECTOR = YES;
				GCC_WARN_UNINITIALIZED_AUTOS = YES_AGGRESSIVE;
				GCC_WARN_UNUSED_FUNCTION = YES;
				GCC_WARN_UNUSED_VARIABLE = YES;
				MTL_ENABLE_DEBUG_INFO = NO;
				MTL_FAST_MATH = YES;
				SWIFT_COMPILATION_MODE = wholemodule;
				SWIFT_OPTIMIZATION_LEVEL = "-O";
			};
			name = Release;
		};
		2DE35A1F24D3163F005841B5 /* Debug */ = {
			isa = XCBuildConfiguration;
			buildSettings = {
				ASSETCATALOG_COMPILER_APPICON_NAME = AppIcon;
				ASSETCATALOG_COMPILER_GLOBAL_ACCENT_COLOR_NAME = AccentColor;
				CODE_SIGN_STYLE = Automatic;
				DEVELOPMENT_ASSET_PATHS = Shared;
				DEVELOPMENT_TEAM = 69Y22T795B;
				ENABLE_PREVIEWS = YES;
				INFOPLIST_FILE = iOS/Info.plist;
				IPHONEOS_DEPLOYMENT_TARGET = 14.0;
				LD_RUNPATH_SEARCH_PATHS = (
					"$(inherited)",
					"@executable_path/Frameworks",
				);
				PRODUCT_BUNDLE_IDENTIFIER = com.test.RyanLee.DesignCourseApp;
				PRODUCT_NAME = DesignCourseApp;
				SDKROOT = iphoneos;
				SWIFT_VERSION = 5.0;
				TARGETED_DEVICE_FAMILY = "1,2";
			};
			name = Debug;
		};
		2DE35A2024D3163F005841B5 /* Release */ = {
			isa = XCBuildConfiguration;
			buildSettings = {
				ASSETCATALOG_COMPILER_APPICON_NAME = AppIcon;
				ASSETCATALOG_COMPILER_GLOBAL_ACCENT_COLOR_NAME = AccentColor;
				CODE_SIGN_STYLE = Automatic;
				DEVELOPMENT_ASSET_PATHS = Shared;
				DEVELOPMENT_TEAM = 69Y22T795B;
				ENABLE_PREVIEWS = YES;
				INFOPLIST_FILE = iOS/Info.plist;
				IPHONEOS_DEPLOYMENT_TARGET = 14.0;
				LD_RUNPATH_SEARCH_PATHS = (
					"$(inherited)",
					"@executable_path/Frameworks",
				);
				PRODUCT_BUNDLE_IDENTIFIER = com.test.RyanLee.DesignCourseApp;
				PRODUCT_NAME = DesignCourseApp;
				SDKROOT = iphoneos;
				SWIFT_VERSION = 5.0;
				TARGETED_DEVICE_FAMILY = "1,2";
				VALIDATE_PRODUCT = YES;
			};
			name = Release;
		};
		2DE35A2224D3163F005841B5 /* Debug */ = {
			isa = XCBuildConfiguration;
			buildSettings = {
				ASSETCATALOG_COMPILER_APPICON_NAME = AppIcon;
				ASSETCATALOG_COMPILER_GLOBAL_ACCENT_COLOR_NAME = AccentColor;
				CODE_SIGN_ENTITLEMENTS = macOS/macOS.entitlements;
				CODE_SIGN_STYLE = Automatic;
				COMBINE_HIDPI_IMAGES = YES;
				DEVELOPMENT_TEAM = 69Y22T795B;
				ENABLE_HARDENED_RUNTIME = YES;
				ENABLE_PREVIEWS = YES;
				INFOPLIST_FILE = macOS/Info.plist;
				LD_RUNPATH_SEARCH_PATHS = (
					"$(inherited)",
					"@executable_path/../Frameworks",
				);
				MACOSX_DEPLOYMENT_TARGET = 11.0;
				PRODUCT_BUNDLE_IDENTIFIER = com.test.RyanLee.DesignCourseApp;
				PRODUCT_NAME = DesignCourseApp;
				SDKROOT = macosx;
				SWIFT_VERSION = 5.0;
			};
			name = Debug;
		};
		2DE35A2324D3163F005841B5 /* Release */ = {
			isa = XCBuildConfiguration;
			buildSettings = {
				ASSETCATALOG_COMPILER_APPICON_NAME = AppIcon;
				ASSETCATALOG_COMPILER_GLOBAL_ACCENT_COLOR_NAME = AccentColor;
				CODE_SIGN_ENTITLEMENTS = macOS/macOS.entitlements;
				CODE_SIGN_STYLE = Automatic;
				COMBINE_HIDPI_IMAGES = YES;
				DEVELOPMENT_TEAM = 69Y22T795B;
				ENABLE_HARDENED_RUNTIME = YES;
				ENABLE_PREVIEWS = YES;
				INFOPLIST_FILE = macOS/Info.plist;
				LD_RUNPATH_SEARCH_PATHS = (
					"$(inherited)",
					"@executable_path/../Frameworks",
				);
				MACOSX_DEPLOYMENT_TARGET = 11.0;
				PRODUCT_BUNDLE_IDENTIFIER = com.test.RyanLee.DesignCourseApp;
				PRODUCT_NAME = DesignCourseApp;
				SDKROOT = macosx;
				SWIFT_VERSION = 5.0;
			};
			name = Release;
		};
/* End XCBuildConfiguration section */

/* Begin XCConfigurationList section */
		2DE35A0124D3163D005841B5 /* Build configuration list for PBXProject "DesignCourseApp" */ = {
			isa = XCConfigurationList;
			buildConfigurations = (
				2DE35A1C24D3163F005841B5 /* Debug */,
				2DE35A1D24D3163F005841B5 /* Release */,
			);
			defaultConfigurationIsVisible = 0;
			defaultConfigurationName = Release;
		};
		2DE35A1E24D3163F005841B5 /* Build configuration list for PBXNativeTarget "DesignCourseApp (iOS)" */ = {
			isa = XCConfigurationList;
			buildConfigurations = (
				2DE35A1F24D3163F005841B5 /* Debug */,
				2DE35A2024D3163F005841B5 /* Release */,
			);
			defaultConfigurationIsVisible = 0;
			defaultConfigurationName = Release;
		};
		2DE35A2124D3163F005841B5 /* Build configuration list for PBXNativeTarget "DesignCourseApp (macOS)" */ = {
			isa = XCConfigurationList;
			buildConfigurations = (
				2DE35A2224D3163F005841B5 /* Debug */,
				2DE35A2324D3163F005841B5 /* Release */,
			);
			defaultConfigurationIsVisible = 0;
			defaultConfigurationName = Release;
		};
/* End XCConfigurationList section */
	};
	rootObject = 2DE359FE24D3163D005841B5 /* Project object */;
}
